// !$*UTF8*$!
{
	archiveVersion = 1;
	classes = {
	};
	objectVersion = 56;
	objects = {

/* Begin PBXBuildFile section */
		21D682FD2C3CE4B300A40015 /* AppDelegate.swift in Sources */ = {isa = PBXBuildFile; fileRef = 21D682FC2C3CE4B300A40015 /* AppDelegate.swift */; };
		21D682FF2C3CE4B300A40015 /* SceneDelegate.swift in Sources */ = {isa = PBXBuildFile; fileRef = 21D682FE2C3CE4B300A40015 /* SceneDelegate.swift */; };
		21D683012C3CE4B300A40015 /* ViewController.swift in Sources */ = {isa = PBXBuildFile; fileRef = 21D683002C3CE4B300A40015 /* ViewController.swift */; };
		21D683042C3CE4B300A40015 /* Main.storyboard in Resources */ = {isa = PBXBuildFile; fileRef = 21D683022C3CE4B300A40015 /* Main.storyboard */; };
		21D683072C3CE4B300A40015 /* CoredataSample.xcdatamodeld in Sources */ = {isa = PBXBuildFile; fileRef = 21D683052C3CE4B300A40015 /* CoredataSample.xcdatamodeld */; };
		21D683092C3CE4B400A40015 /* Assets.xcassets in Resources */ = {isa = PBXBuildFile; fileRef = 21D683082C3CE4B400A40015 /* Assets.xcassets */; };
		21D6830C2C3CE4B400A40015 /* LaunchScreen.storyboard in Resources */ = {isa = PBXBuildFile; fileRef = 21D6830A2C3CE4B400A40015 /* LaunchScreen.storyboard */; };
		21D683152C3CE50200A40015 /* StudentDetails+CoreDataClass.swift in Sources */ = {isa = PBXBuildFile; fileRef = 21D683132C3CE50200A40015 /* StudentDetails+CoreDataClass.swift */; };
		21D683162C3CE50200A40015 /* StudentDetails+CoreDataProperties.swift in Sources */ = {isa = PBXBuildFile; fileRef = 21D683142C3CE50200A40015 /* StudentDetails+CoreDataProperties.swift */; };
		21D683192C3CEAFC00A40015 /* studentListTableViewCell.swift in Sources */ = {isa = PBXBuildFile; fileRef = 21D683182C3CEAFC00A40015 /* studentListTableViewCell.swift */; };
/* End PBXBuildFile section */

/* Begin PBXFileReference section */
		21D682F92C3CE4B300A40015 /* CoredataSample.app */ = {isa = PBXFileReference; explicitFileType = wrapper.application; includeInIndex = 0; path = CoredataSample.app; sourceTree = BUILT_PRODUCTS_DIR; };
		21D682FC2C3CE4B300A40015 /* AppDelegate.swift */ = {isa = PBXFileReference; lastKnownFileType = sourcecode.swift; path = AppDelegate.swift; sourceTree = "<group>"; };
		21D682FE2C3CE4B300A40015 /* SceneDelegate.swift */ = {isa = PBXFileReference; lastKnownFileType = sourcecode.swift; path = SceneDelegate.swift; sourceTree = "<group>"; };
		21D683002C3CE4B300A40015 /* ViewController.swift */ = {isa = PBXFileReference; lastKnownFileType = sourcecode.swift; path = ViewController.swift; sourceTree = "<group>"; };
		21D683032C3CE4B300A40015 /* Base */ = {isa = PBXFileReference; lastKnownFileType = file.storyboard; name = Base; path = Base.lproj/Main.storyboard; sourceTree = "<group>"; };
		21D683062C3CE4B300A40015 /* CoredataSample.xcdatamodel */ = {isa = PBXFileReference; lastKnownFileType = wrapper.xcdatamodel; path = CoredataSample.xcdatamodel; sourceTree = "<group>"; };
		21D683082C3CE4B400A40015 /* Assets.xcassets */ = {isa = PBXFileReference; lastKnownFileType = folder.assetcatalog; path = Assets.xcassets; sourceTree = "<group>"; };
		21D6830B2C3CE4B400A40015 /* Base */ = {isa = PBXFileReference; lastKnownFileType = file.storyboard; name = Base; path = Base.lproj/LaunchScreen.storyboard; sourceTree = "<group>"; };
		21D6830D2C3CE4B400A40015 /* Info.plist */ = {isa = PBXFileReference; lastKnownFileType = text.plist.xml; path = Info.plist; sourceTree = "<group>"; };
		21D683132C3CE50200A40015 /* StudentDetails+CoreDataClass.swift */ = {isa = PBXFileReference; lastKnownFileType = sourcecode.swift; path = "StudentDetails+CoreDataClass.swift"; sourceTree = "<group>"; };
		21D683142C3CE50200A40015 /* StudentDetails+CoreDataProperties.swift */ = {isa = PBXFileReference; lastKnownFileType = sourcecode.swift; path = "StudentDetails+CoreDataProperties.swift"; sourceTree = "<group>"; };
		21D683182C3CEAFC00A40015 /* studentListTableViewCell.swift */ = {isa = PBXFileReference; lastKnownFileType = sourcecode.swift; path = studentListTableViewCell.swift; sourceTree = "<group>"; };
/* End PBXFileReference section */

/* Begin PBXFrameworksBuildPhase section */
		21D682F62C3CE4B300A40015 /* Frameworks */ = {
			isa = PBXFrameworksBuildPhase;
			buildActionMask = 2147483647;
			files = (
			);
			runOnlyForDeploymentPostprocessing = 0;
		};
/* End PBXFrameworksBuildPhase section */

/* Begin PBXGroup section */
		21D682F02C3CE4B300A40015 = {
			isa = PBXGroup;
			children = (
				21D682FB2C3CE4B300A40015 /* CoredataSample */,
				21D682FA2C3CE4B300A40015 /* Products */,
			);
			sourceTree = "<group>";
		};
		21D682FA2C3CE4B300A40015 /* Products */ = {
			isa = PBXGroup;
			children = (
				21D682F92C3CE4B300A40015 /* CoredataSample.app */,
			);
			name = Products;
			sourceTree = "<group>";
		};
		21D682FB2C3CE4B300A40015 /* CoredataSample */ = {
			isa = PBXGroup;
			children = (
				21D683172C3CE51800A40015 /* CoreDataModel */,
				21D682FC2C3CE4B300A40015 /* AppDelegate.swift */,
				21D682FE2C3CE4B300A40015 /* SceneDelegate.swift */,
				21D683002C3CE4B300A40015 /* ViewController.swift */,
				21D683182C3CEAFC00A40015 /* studentListTableViewCell.swift */,
				21D683022C3CE4B300A40015 /* Main.storyboard */,
				21D683082C3CE4B400A40015 /* Assets.xcassets */,
				21D6830A2C3CE4B400A40015 /* LaunchScreen.storyboard */,
				21D6830D2C3CE4B400A40015 /* Info.plist */,
				21D683052C3CE4B300A40015 /* CoredataSample.xcdatamodeld */,
			);
			path = CoredataSample;
			sourceTree = "<group>";
		};
		21D683172C3CE51800A40015 /* CoreDataModel */ = {
			isa = PBXGroup;
			children = (
				21D683132C3CE50200A40015 /* StudentDetails+CoreDataClass.swift */,
				21D683142C3CE50200A40015 /* StudentDetails+CoreDataProperties.swift */,
			);
			path = CoreDataModel;
			sourceTree = "<group>";
		};
/* End PBXGroup section */

/* Begin PBXNativeTarget section */
		21D682F82C3CE4B300A40015 /* CoredataSample */ = {
			isa = PBXNativeTarget;
			buildConfigurationList = 21D683102C3CE4B400A40015 /* Build configuration list for PBXNativeTarget "CoredataSample" */;
			buildPhases = (
				21D682F52C3CE4B300A40015 /* Sources */,
				21D682F62C3CE4B300A40015 /* Frameworks */,
				21D682F72C3CE4B300A40015 /* Resources */,
			);
			buildRules = (
			);
			dependencies = (
			);
			name = CoredataSample;
			productName = CoredataSample;
			productReference = 21D682F92C3CE4B300A40015 /* CoredataSample.app */;
			productType = "com.apple.product-type.application";
		};
/* End PBXNativeTarget section */

/* Begin PBXProject section */
		21D682F12C3CE4B300A40015 /* Project object */ = {
			isa = PBXProject;
			attributes = {
				BuildIndependentTargetsInParallel = 1;
				LastSwiftUpdateCheck = 1500;
				LastUpgradeCheck = 1500;
				TargetAttributes = {
					21D682F82C3CE4B300A40015 = {
						CreatedOnToolsVersion = 15.0.1;
					};
				};
			};
			buildConfigurationList = 21D682F42C3CE4B300A40015 /* Build configuration list for PBXProject "CoredataSample" */;
			compatibilityVersion = "Xcode 14.0";
			developmentRegion = en;
			hasScannedForEncodings = 0;
			knownRegions = (
				en,
				Base,
			);
			mainGroup = 21D682F02C3CE4B300A40015;
			productRefGroup = 21D682FA2C3CE4B300A40015 /* Products */;
			projectDirPath = "";
			projectRoot = "";
			targets = (
				21D682F82C3CE4B300A40015 /* CoredataSample */,
			);
		};
/* End PBXProject section */

/* Begin PBXResourcesBuildPhase section */
		21D682F72C3CE4B300A40015 /* Resources */ = {
			isa = PBXResourcesBuildPhase;
			buildActionMask = 2147483647;
			files = (
				21D6830C2C3CE4B400A40015 /* LaunchScreen.storyboard in Resources */,
				21D683092C3CE4B400A40015 /* Assets.xcassets in Resources */,
				21D683042C3CE4B300A40015 /* Main.storyboard in Resources */,
			);
			runOnlyForDeploymentPostprocessing = 0;
		};
/* End PBXResourcesBuildPhase section */

/* Begin PBXSourcesBuildPhase section */
		21D682F52C3CE4B300A40015 /* Sources */ = {
			isa = PBXSourcesBuildPhase;
			buildActionMask = 2147483647;
			files = (
				21D683152C3CE50200A40015 /* StudentDetails+CoreDataClass.swift in Sources */,
				21D683192C3CEAFC00A40015 /* studentListTableViewCell.swift in Sources */,
				21D683072C3CE4B300A40015 /* CoredataSample.xcdatamodeld in Sources */,
				21D683162C3CE50200A40015 /* StudentDetails+CoreDataProperties.swift in Sources */,
				21D683012C3CE4B300A40015 /* ViewController.swift in Sources */,
				21D682FD2C3CE4B300A40015 /* AppDelegate.swift in Sources */,
				21D682FF2C3CE4B300A40015 /* SceneDelegate.swift in Sources */,
			);
			runOnlyForDeploymentPostprocessing = 0;
		};
/* End PBXSourcesBuildPhase section */

/* Begin PBXVariantGroup section */
		21D683022C3CE4B300A40015 /* Main.storyboard */ = {
			isa = PBXVariantGroup;
			children = (
				21D683032C3CE4B300A40015 /* Base */,
			);
			name = Main.storyboard;
			sourceTree = "<group>";
		};
		21D6830A2C3CE4B400A40015 /* LaunchScreen.storyboard */ = {
			isa = PBXVariantGroup;
			children = (
				21D6830B2C3CE4B400A40015 /* Base */,
			);
			name = LaunchScreen.storyboard;
			sourceTree = "<group>";
		};
/* End PBXVariantGroup section */

/* Begin XCBuildConfiguration section */
		21D6830E2C3CE4B400A40015 /* Debug */ = {
			isa = XCBuildConfiguration;
			buildSettings = {
				ALWAYS_SEARCH_USER_PATHS = NO;
				ASSETCATALOG_COMPILER_GENERATE_SWIFT_ASSET_SYMBOL_EXTENSIONS = YES;
				CLANG_ANALYZER_NONNULL = YES;
				CLANG_ANALYZER_NUMBER_OBJECT_CONVERSION = YES_AGGRESSIVE;
				CLANG_CXX_LANGUAGE_STANDARD = "gnu++20";
				CLANG_ENABLE_MODULES = YES;
				CLANG_ENABLE_OBJC_ARC = YES;
				CLANG_ENABLE_OBJC_WEAK = YES;
				CLANG_WARN_BLOCK_CAPTURE_AUTORELEASING = YES;
				CLANG_WARN_BOOL_CONVERSION = YES;
				CLANG_WARN_COMMA = YES;
				CLANG_WARN_CONSTANT_CONVERSION = YES;
				CLANG_WARN_DEPRECATED_OBJC_IMPLEMENTATIONS = YES;
				CLANG_WARN_DIRECT_OBJC_ISA_USAGE = YES_ERROR;
				CLANG_WARN_DOCUMENTATION_COMMENTS = YES;
				CLANG_WARN_EMPTY_BODY = YES;
				CLANG_WARN_ENUM_CONVERSION = YES;
				CLANG_WARN_INFINITE_RECURSION = YES;
				CLANG_WARN_INT_CONVERSION = YES;
				CLANG_WARN_NON_LITERAL_NULL_CONVERSION = YES;
				CLANG_WARN_OBJC_IMPLICIT_RETAIN_SELF = YES;
				CLANG_WARN_OBJC_LITERAL_CONVERSION = YES;
				CLANG_WARN_OBJC_ROOT_CLASS = YES_ERROR;
				CLANG_WARN_QUOTED_INCLUDE_IN_FRAMEWORK_HEADER = YES;
				CLANG_WARN_RANGE_LOOP_ANALYSIS = YES;
				CLANG_WARN_STRICT_PROTOTYPES = YES;
				CLANG_WARN_SUSPICIOUS_MOVE = YES;
				CLANG_WARN_UNGUARDED_AVAILABILITY = YES_AGGRESSIVE;
				CLANG_WARN_UNREACHABLE_CODE = YES;
				CLANG_WARN__DUPLICATE_METHOD_MATCH = YES;
				COPY_PHASE_STRIP = NO;
				DEBUG_INFORMATION_FORMAT = dwarf;
				ENABLE_STRICT_OBJC_MSGSEND = YES;
				ENABLE_TESTABILITY = YES;
				ENABLE_USER_SCRIPT_SANDBOXING = YES;
				GCC_C_LANGUAGE_STANDARD = gnu17;
				GCC_DYNAMIC_NO_PIC = NO;
				GCC_NO_COMMON_BLOCKS = YES;
				GCC_OPTIMIZATION_LEVEL = 0;
				GCC_PREPROCESSOR_DEFINITIONS = (
					"DEBUG=1",
					"$(inherited)",
				);
				GCC_WARN_64_TO_32_BIT_CONVERSION = YES;
				GCC_WARN_ABOUT_RETURN_TYPE = YES_ERROR;
				GCC_WARN_UNDECLARED_SELECTOR = YES;
				GCC_WARN_UNINITIALIZED_AUTOS = YES_AGGRESSIVE;
				GCC_WARN_UNUSED_FUNCTION = YES;
				GCC_WARN_UNUSED_VARIABLE = YES;
				IPHONEOS_DEPLOYMENT_TARGET = 17.0;
				LOCALIZATION_PREFERS_STRING_CATALOGS = YES;
				MTL_ENABLE_DEBUG_INFO = INCLUDE_SOURCE;
				MTL_FAST_MATH = YES;
				ONLY_ACTIVE_ARCH = YES;
				SDKROOT = iphoneos;
				SWIFT_ACTIVE_COMPILATION_CONDITIONS = "DEBUG $(inherited)";
				SWIFT_OPTIMIZATION_LEVEL = "-Onone";
			};
			name = Debug;
		};
		21D6830F2C3CE4B400A40015 /* Release */ = {
			isa = XCBuildConfiguration;
			buildSettings = {
				ALWAYS_SEARCH_USER_PATHS = NO;
				ASSETCATALOG_COMPILER_GENERATE_SWIFT_ASSET_SYMBOL_EXTENSIONS = YES;
				CLANG_ANALYZER_NONNULL = YES;
				CLANG_ANALYZER_NUMBER_OBJECT_CONVERSION = YES_AGGRESSIVE;
				CLANG_CXX_LANGUAGE_STANDARD = "gnu++20";
				CLANG_ENABLE_MODULES = YES;
				CLANG_ENABLE_OBJC_ARC = YES;
				CLANG_ENABLE_OBJC_WEAK = YES;
				CLANG_WARN_BLOCK_CAPTURE_AUTORELEASING = YES;
				CLANG_WARN_BOOL_CONVERSION = YES;
				CLANG_WARN_COMMA = YES;
				CLANG_WARN_CONSTANT_CONVERSION = YES;
				CLANG_WARN_DEPRECATED_OBJC_IMPLEMENTATIONS = YES;
				CLANG_WARN_DIRECT_OBJC_ISA_USAGE = YES_ERROR;
				CLANG_WARN_DOCUMENTATION_COMMENTS = YES;
				CLANG_WARN_EMPTY_BODY = YES;
				CLANG_WARN_ENUM_CONVERSION = YES;
				CLANG_WARN_INFINITE_RECURSION = YES;
				CLANG_WARN_INT_CONVERSION = YES;
				CLANG_WARN_NON_LITERAL_NULL_CONVERSION = YES;
				CLANG_WARN_OBJC_IMPLICIT_RETAIN_SELF = YES;
				CLANG_WARN_OBJC_LITERAL_CONVERSION = YES;
				CLANG_WARN_OBJC_ROOT_CLASS = YES_ERROR;
				CLANG_WARN_QUOTED_INCLUDE_IN_FRAMEWORK_HEADER = YES;
				CLANG_WARN_RANGE_LOOP_ANALYSIS = YES;
				CLANG_WARN_STRICT_PROTOTYPES = YES;
				CLANG_WARN_SUSPICIOUS_MOVE = YES;
				CLANG_WARN_UNGUARDED_AVAILABILITY = YES_AGGRESSIVE;
				CLANG_WARN_UNREACHABLE_CODE = YES;
				CLANG_WARN__DUPLICATE_METHOD_MATCH = YES;
				COPY_PHASE_STRIP = NO;
				DEBUG_INFORMATION_FORMAT = "dwarf-with-dsym";
				ENABLE_NS_ASSERTIONS = NO;
				ENABLE_STRICT_OBJC_MSGSEND = YES;
				ENABLE_USER_SCRIPT_SANDBOXING = YES;
				GCC_C_LANGUAGE_STANDARD = gnu17;
				GCC_NO_COMMON_BLOCKS = YES;
				GCC_WARN_64_TO_32_BIT_CONVERSION = YES;
				GCC_WARN_ABOUT_RETURN_TYPE = YES_ERROR;
				GCC_WARN_UNDECLARED_SELECTOR = YES;
				GCC_WARN_UNINITIALIZED_AUTOS = YES_AGGRESSIVE;
				GCC_WARN_UNUSED_FUNCTION = YES;
				GCC_WARN_UNUSED_VARIABLE = YES;
				IPHONEOS_DEPLOYMENT_TARGET = 17.0;
				LOCALIZATION_PREFERS_STRING_CATALOGS = YES;
				MTL_ENABLE_DEBUG_INFO = NO;
				MTL_FAST_MATH = YES;
				SDKROOT = iphoneos;
				SWIFT_COMPILATION_MODE = wholemodule;
				VALIDATE_PRODUCT = YES;
			};
			name = Release;
		};
		21D683112C3CE4B400A40015 /* Debug */ = {
			isa = XCBuildConfiguration;
			buildSettings = {
				ASSETCATALOG_COMPILER_APPICON_NAME = AppIcon;
				ASSETCATALOG_COMPILER_GLOBAL_ACCENT_COLOR_NAME = AccentColor;
				CODE_SIGN_STYLE = Automatic;
				CURRENT_PROJECT_VERSION = 1;
				GENERATE_INFOPLIST_FILE = YES;
				INFOPLIST_FILE = CoredataSample/Info.plist;
				INFOPLIST_KEY_UIApplicationSupportsIndirectInputEvents = YES;
				INFOPLIST_KEY_UILaunchStoryboardName = LaunchScreen;
				INFOPLIST_KEY_UIMainStoryboardFile = Main;
				INFOPLIST_KEY_UISupportedInterfaceOrientations_iPad = "UIInterfaceOrientationPortrait UIInterfaceOrientationPortraitUpsideDown UIInterfaceOrientationLandscapeLeft UIInterfaceOrientationLandscapeRight";
				INFOPLIST_KEY_UISupportedInterfaceOrientations_iPhone = "UIInterfaceOrientationPortrait UIInterfaceOrientationLandscapeLeft UIInterfaceOrientationLandscapeRight";
				LD_RUNPATH_SEARCH_PATHS = (
					"$(inherited)",
					"@executable_path/Frameworks",
				);
				MARKETING_VERSION = 1.0;
				PRODUCT_BUNDLE_IDENTIFIER = nishanvibikavi.CoredataSample;
				PRODUCT_NAME = "$(TARGET_NAME)";
				SWIFT_EMIT_LOC_STRINGS = YES;
				SWIFT_VERSION = 5.0;
				TARGETED_DEVICE_FAMILY = "1,2";
			};
			name = Debug;
		};
		21D683122C3CE4B400A40015 /* Release */ = {
			isa = XCBuildConfiguration;
			buildSettings = {
				ASSETCATALOG_COMPILER_APPICON_NAME = AppIcon;
				ASSETCATALOG_COMPILER_GLOBAL_ACCENT_COLOR_NAME = AccentColor;
				CODE_SIGN_STYLE = Automatic;
				CURRENT_PROJECT_VERSION = 1;
				GENERATE_INFOPLIST_FILE = YES;
				INFOPLIST_FILE = CoredataSample/Info.plist;
				INFOPLIST_KEY_UIApplicationSupportsIndirectInputEvents = YES;
				INFOPLIST_KEY_UILaunchStoryboardName = LaunchScreen;
				INFOPLIST_KEY_UIMainStoryboardFile = Main;
				INFOPLIST_KEY_UISupportedInterfaceOrientations_iPad = "UIInterfaceOrientationPortrait UIInterfaceOrientationPortraitUpsideDown UIInterfaceOrientationLandscapeLeft UIInterfaceOrientationLandscapeRight";
				INFOPLIST_KEY_UISupportedInterfaceOrientations_iPhone = "UIInterfaceOrientationPortrait UIInterfaceOrientationLandscapeLeft UIInterfaceOrientationLandscapeRight";
				LD_RUNPATH_SEARCH_PATHS = (
					"$(inherited)",
					"@executable_path/Frameworks",
				);
				MARKETING_VERSION = 1.0;
				PRODUCT_BUNDLE_IDENTIFIER = nishanvibikavi.CoredataSample;
				PRODUCT_NAME = "$(TARGET_NAME)";
				SWIFT_EMIT_LOC_STRINGS = YES;
				SWIFT_VERSION = 5.0;
				TARGETED_DEVICE_FAMILY = "1,2";
			};
			name = Release;
		};
/* End XCBuildConfiguration section */

/* Begin XCConfigurationList section */
		21D682F42C3CE4B300A40015 /* Build configuration list for PBXProject "CoredataSample" */ = {
			isa = XCConfigurationList;
			buildConfigurations = (
				21D6830E2C3CE4B400A40015 /* Debug */,
				21D6830F2C3CE4B400A40015 /* Release */,
			);
			defaultConfigurationIsVisible = 0;
			defaultConfigurationName = Release;
		};
		21D683102C3CE4B400A40015 /* Build configuration list for PBXNativeTarget "CoredataSample" */ = {
			isa = XCConfigurationList;
			buildConfigurations = (
				21D683112C3CE4B400A40015 /* Debug */,
				21D683122C3CE4B400A40015 /* Release */,
			);
			defaultConfigurationIsVisible = 0;
			defaultConfigurationName = Release;
		};
/* End XCConfigurationList section */

/* Begin XCVersionGroup section */
		21D683052C3CE4B300A40015 /* CoredataSample.xcdatamodeld */ = {
			isa = XCVersionGroup;
			children = (
				21D683062C3CE4B300A40015 /* CoredataSample.xcdatamodel */,
			);
			currentVersion = 21D683062C3CE4B300A40015 /* CoredataSample.xcdatamodel */;
			path = CoredataSample.xcdatamodeld;
			sourceTree = "<group>";
			versionGroupType = wrapper.xcdatamodel;
		};
/* End XCVersionGroup section */
	};
	rootObject = 21D682F12C3CE4B300A40015 /* Project object */;
}
